// !$*UTF8*$!
{
	archiveVersion = 1;
	classes = {
	};
	objectVersion = 48;
	objects = {

/* Begin PBXBuildFile section */
		DC831A462081D9C000D76A56 /* AppDelegate.swift in Sources */ = {isa = PBXBuildFile; fileRef = DC831A452081D9C000D76A56 /* AppDelegate.swift */; };
		DC831A482081D9C000D76A56 /* ViewController.swift in Sources */ = {isa = PBXBuildFile; fileRef = DC831A472081D9C000D76A56 /* ViewController.swift */; };
		DC831A4B2081D9C000D76A56 /* Main.storyboard in Resources */ = {isa = PBXBuildFile; fileRef = DC831A492081D9C000D76A56 /* Main.storyboard */; };
		DC831A4E2081D9C000D76A56 /* SJ01.xcdatamodeld in Sources */ = {isa = PBXBuildFile; fileRef = DC831A4C2081D9C000D76A56 /* SJ01.xcdatamodeld */; };
		DC831A502081D9C000D76A56 /* Assets.xcassets in Resources */ = {isa = PBXBuildFile; fileRef = DC831A4F2081D9C000D76A56 /* Assets.xcassets */; };
		DC831A532081D9C000D76A56 /* LaunchScreen.storyboard in Resources */ = {isa = PBXBuildFile; fileRef = DC831A512081D9C000D76A56 /* LaunchScreen.storyboard */; };
/* End PBXBuildFile section */

/* Begin PBXFileReference section */
		DC831A422081D9BF00D76A56 /* SJ01.app */ = {isa = PBXFileReference; explicitFileType = wrapper.application; includeInIndex = 0; path = SJ01.app; sourceTree = BUILT_PRODUCTS_DIR; };
		DC831A452081D9C000D76A56 /* AppDelegate.swift */ = {isa = PBXFileReference; lastKnownFileType = sourcecode.swift; path = AppDelegate.swift; sourceTree = "<group>"; };
		DC831A472081D9C000D76A56 /* ViewController.swift */ = {isa = PBXFileReference; lastKnownFileType = sourcecode.swift; path = ViewController.swift; sourceTree = "<group>"; };
		DC831A4A2081D9C000D76A56 /* Base */ = {isa = PBXFileReference; lastKnownFileType = file.storyboard; name = Base; path = Base.lproj/Main.storyboard; sourceTree = "<group>"; };
		DC831A4D2081D9C000D76A56 /* SJ01.xcdatamodel */ = {isa = PBXFileReference; lastKnownFileType = wrapper.xcdatamodel; path = SJ01.xcdatamodel; sourceTree = "<group>"; };
		DC831A4F2081D9C000D76A56 /* Assets.xcassets */ = {isa = PBXFileReference; lastKnownFileType = folder.assetcatalog; path = Assets.xcassets; sourceTree = "<group>"; };
		DC831A522081D9C000D76A56 /* Base */ = {isa = PBXFileReference; lastKnownFileType = file.storyboard; name = Base; path = Base.lproj/LaunchScreen.storyboard; sourceTree = "<group>"; };
		DC831A542081D9C000D76A56 /* Info.plist */ = {isa = PBXFileReference; lastKnownFileType = text.plist.xml; path = Info.plist; sourceTree = "<group>"; };
/* End PBXFileReference section */

/* Begin PBXFrameworksBuildPhase section */
		DC831A3F2081D9BF00D76A56 /* Frameworks */ = {
			isa = PBXFrameworksBuildPhase;
			buildActionMask = 2147483647;
			files = (
			);
			runOnlyForDeploymentPostprocessing = 0;
		};
/* End PBXFrameworksBuildPhase section */

/* Begin PBXGroup section */
		DC831A392081D9BF00D76A56 = {
			isa = PBXGroup;
			children = (
				DC831A442081D9C000D76A56 /* SJ01 */,
				DC831A432081D9BF00D76A56 /* Products */,
			);
			sourceTree = "<group>";
		};
		DC831A432081D9BF00D76A56 /* Products */ = {
			isa = PBXGroup;
			children = (
				DC831A422081D9BF00D76A56 /* SJ01.app */,
			);
			name = Products;
			sourceTree = "<group>";
		};
		DC831A442081D9C000D76A56 /* SJ01 */ = {
			isa = PBXGroup;
			children = (
				DC831A452081D9C000D76A56 /* AppDelegate.swift */,
				DC831A472081D9C000D76A56 /* ViewController.swift */,
				DC831A492081D9C000D76A56 /* Main.storyboard */,
				DC831A4F2081D9C000D76A56 /* Assets.xcassets */,
				DC831A512081D9C000D76A56 /* LaunchScreen.storyboard */,
				DC831A542081D9C000D76A56 /* Info.plist */,
				DC831A4C2081D9C000D76A56 /* SJ01.xcdatamodeld */,
			);
			path = SJ01;
			sourceTree = "<group>";
		};
/* End PBXGroup section */

/* Begin PBXNativeTarget section */
		DC831A412081D9BF00D76A56 /* SJ01 */ = {
			isa = PBXNativeTarget;
			buildConfigurationList = DC831A572081D9C000D76A56 /* Build configuration list for PBXNativeTarget "SJ01" */;
			buildPhases = (
				DC831A3E2081D9BF00D76A56 /* Sources */,
				DC831A3F2081D9BF00D76A56 /* Frameworks */,
				DC831A402081D9BF00D76A56 /* Resources */,
			);
			buildRules = (
			);
			dependencies = (
			);
			name = SJ01;
			productName = SJ01;
			productReference = DC831A422081D9BF00D76A56 /* SJ01.app */;
			productType = "com.apple.product-type.application";
		};
/* End PBXNativeTarget section */

/* Begin PBXProject section */
		DC831A3A2081D9BF00D76A56 /* Project object */ = {
			isa = PBXProject;
			attributes = {
				LastSwiftUpdateCheck = 0920;
				LastUpgradeCheck = 0920;
				ORGANIZATIONNAME = "松井康太郎";
				TargetAttributes = {
					DC831A412081D9BF00D76A56 = {
						CreatedOnToolsVersion = 9.2;
						ProvisioningStyle = Automatic;
					};
				};
			};
			buildConfigurationList = DC831A3D2081D9BF00D76A56 /* Build configuration list for PBXProject "SJ01" */;
			compatibilityVersion = "Xcode 8.0";
			developmentRegion = en;
			hasScannedForEncodings = 0;
			knownRegions = (
				en,
				Base,
			);
			mainGroup = DC831A392081D9BF00D76A56;
			productRefGroup = DC831A432081D9BF00D76A56 /* Products */;
			projectDirPath = "";
			projectRoot = "";
			targets = (
				DC831A412081D9BF00D76A56 /* SJ01 */,
			);
		};
/* End PBXProject section */

/* Begin PBXResourcesBuildPhase section */
		DC831A402081D9BF00D76A56 /* Resources */ = {
			isa = PBXResourcesBuildPhase;
			buildActionMask = 2147483647;
			files = (
				DC831A532081D9C000D76A56 /* LaunchScreen.storyboard in Resources */,
				DC831A502081D9C000D76A56 /* Assets.xcassets in Resources */,
				DC831A4B2081D9C000D76A56 /* Main.storyboard in Resources */,
			);
			runOnlyForDeploymentPostprocessing = 0;
		};
/* End PBXResourcesBuildPhase section */

/* Begin PBXSourcesBuildPhase section */
		DC831A3E2081D9BF00D76A56 /* Sources */ = {
			isa = PBXSourcesBuildPhase;
			buildActionMask = 2147483647;
			files = (
				DC831A482081D9C000D76A56 /* ViewController.swift in Sources */,
				DC831A4E2081D9C000D76A56 /* SJ01.xcdatamodeld in Sources */,
				DC831A462081D9C000D76A56 /* AppDelegate.swift in Sources */,
			);
			runOnlyForDeploymentPostprocessing = 0;
		};
/* End PBXSourcesBuildPhase section */

/* Begin PBXVariantGroup section */
		DC831A492081D9C000D76A56 /* Main.storyboard */ = {
			isa = PBXVariantGroup;
			children = (
				DC831A4A2081D9C000D76A56 /* Base */,
			);
			name = Main.storyboard;
			sourceTree = "<group>";
		};
		DC831A512081D9C000D76A56 /* LaunchScreen.storyboard */ = {
			isa = PBXVariantGroup;
			children = (
				DC831A522081D9C000D76A56 /* Base */,
			);
			name = LaunchScreen.storyboard;
			sourceTree = "<group>";
		};
/* End PBXVariantGroup section */

/* Begin XCBuildConfiguration section */
		DC831A552081D9C000D76A56 /* Debug */ = {
			isa = XCBuildConfiguration;
			buildSettings = {
				ALWAYS_SEARCH_USER_PATHS = NO;
				CLANG_ANALYZER_NONNULL = YES;
				CLANG_ANALYZER_NUMBER_OBJECT_CONVERSION = YES_AGGRESSIVE;
				CLANG_CXX_LANGUAGE_STANDARD = "gnu++14";
				CLANG_CXX_LIBRARY = "libc++";
				CLANG_ENABLE_MODULES = YES;
				CLANG_ENABLE_OBJC_ARC = YES;
				CLANG_WARN_BLOCK_CAPTURE_AUTORELEASING = YES;
				CLANG_WARN_BOOL_CONVERSION = YES;
				CLANG_WARN_COMMA = YES;
				CLANG_WARN_CONSTANT_CONVERSION = YES;
				CLANG_WARN_DIRECT_OBJC_ISA_USAGE = YES_ERROR;
				CLANG_WARN_DOCUMENTATION_COMMENTS = YES;
				CLANG_WARN_EMPTY_BODY = YES;
				CLANG_WARN_ENUM_CONVERSION = YES;
				CLANG_WARN_INFINITE_RECURSION = YES;
				CLANG_WARN_INT_CONVERSION = YES;
				CLANG_WARN_NON_LITERAL_NULL_CONVERSION = YES;
				CLANG_WARN_OBJC_LITERAL_CONVERSION = YES;
				CLANG_WARN_OBJC_ROOT_CLASS = YES_ERROR;
				CLANG_WARN_RANGE_LOOP_ANALYSIS = YES;
				CLANG_WARN_STRICT_PROTOTYPES = YES;
				CLANG_WARN_SUSPICIOUS_MOVE = YES;
				CLANG_WARN_UNGUARDED_AVAILABILITY = YES_AGGRESSIVE;
				CLANG_WARN_UNREACHABLE_CODE = YES;
				CLANG_WARN__DUPLICATE_METHOD_MATCH = YES;
				CODE_SIGN_IDENTITY = "iPhone Developer";
				COPY_PHASE_STRIP = NO;
				DEBUG_INFORMATION_FORMAT = dwarf;
				ENABLE_STRICT_OBJC_MSGSEND = YES;
				ENABLE_TESTABILITY = YES;
				GCC_C_LANGUAGE_STANDARD = gnu11;
				GCC_DYNAMIC_NO_PIC = NO;
				GCC_NO_COMMON_BLOCKS = YES;
				GCC_OPTIMIZATION_LEVEL = 0;
				GCC_PREPROCESSOR_DEFINITIONS = (
					"DEBUG=1",
					"$(inherited)",
				);
				GCC_WARN_64_TO_32_BIT_CONVERSION = YES;
				GCC_WARN_ABOUT_RETURN_TYPE = YES_ERROR;
				GCC_WARN_UNDECLARED_SELECTOR = YES;
				GCC_WARN_UNINITIALIZED_AUTOS = YES_AGGRESSIVE;
				GCC_WARN_UNUSED_FUNCTION = YES;
				GCC_WARN_UNUSED_VARIABLE = YES;
				IPHONEOS_DEPLOYMENT_TARGET = 11.2;
				MTL_ENABLE_DEBUG_INFO = YES;
				ONLY_ACTIVE_ARCH = YES;
				SDKROOT = iphoneos;
				SWIFT_ACTIVE_COMPILATION_CONDITIONS = DEBUG;
				SWIFT_OPTIMIZATION_LEVEL = "-Onone";
			};
			name = Debug;
		};
		DC831A562081D9C000D76A56 /* Release */ = {
			isa = XCBuildConfiguration;
			buildSettings = {
				ALWAYS_SEARCH_USER_PATHS = NO;
				CLANG_ANALYZER_NONNULL = YES;
				CLANG_ANALYZER_NUMBER_OBJECT_CONVERSION = YES_AGGRESSIVE;
				CLANG_CXX_LANGUAGE_STANDARD = "gnu++14";
				CLANG_CXX_LIBRARY = "libc++";
				CLANG_ENABLE_MODULES = YES;
				CLANG_ENABLE_OBJC_ARC = YES;
				CLANG_WARN_BLOCK_CAPTURE_AUTORELEASING = YES;
				CLANG_WARN_BOOL_CONVERSION = YES;
				CLANG_WARN_COMMA = YES;
				CLANG_WARN_CONSTANT_CONVERSION = YES;
				CLANG_WARN_DIRECT_OBJC_ISA_USAGE = YES_ERROR;
				CLANG_WARN_DOCUMENTATION_COMMENTS = YES;
				CLANG_WARN_EMPTY_BODY = YES;
				CLANG_WARN_ENUM_CONVERSION = YES;
				CLANG_WARN_INFINITE_RECURSION = YES;
				CLANG_WARN_INT_CONVERSION = YES;
				CLANG_WARN_NON_LITERAL_NULL_CONVERSION = YES;
				CLANG_WARN_OBJC_LITERAL_CONVERSION = YES;
				CLANG_WARN_OBJC_ROOT_CLASS = YES_ERROR;
				CLANG_WARN_RANGE_LOOP_ANALYSIS = YES;
				CLANG_WARN_STRICT_PROTOTYPES = YES;
				CLANG_WARN_SUSPICIOUS_MOVE = YES;
				CLANG_WARN_UNGUARDED_AVAILABILITY = YES_AGGRESSIVE;
				CLANG_WARN_UNREACHABLE_CODE = YES;
				CLANG_WARN__DUPLICATE_METHOD_MATCH = YES;
				CODE_SIGN_IDENTITY = "iPhone Developer";
				COPY_PHASE_STRIP = NO;
				DEBUG_INFORMATION_FORMAT = "dwarf-with-dsym";
				ENABLE_NS_ASSERTIONS = NO;
				ENABLE_STRICT_OBJC_MSGSEND = YES;
				GCC_C_LANGUAGE_STANDARD = gnu11;
				GCC_NO_COMMON_BLOCKS = YES;
				GCC_WARN_64_TO_32_BIT_CONVERSION = YES;
				GCC_WARN_ABOUT_RETURN_TYPE = YES_ERROR;
				GCC_WARN_UNDECLARED_SELECTOR = YES;
				GCC_WARN_UNINITIALIZED_AUTOS = YES_AGGRESSIVE;
				GCC_WARN_UNUSED_FUNCTION = YES;
				GCC_WARN_UNUSED_VARIABLE = YES;
				IPHONEOS_DEPLOYMENT_TARGET = 11.2;
				MTL_ENABLE_DEBUG_INFO = NO;
				SDKROOT = iphoneos;
				SWIFT_OPTIMIZATION_LEVEL = "-Owholemodule";
				VALIDATE_PRODUCT = YES;
			};
			name = Release;
		};
		DC831A582081D9C000D76A56 /* Debug */ = {
			isa = XCBuildConfiguration;
			buildSettings = {
				ASSETCATALOG_COMPILER_APPICON_NAME = AppIcon;
				CODE_SIGN_STYLE = Automatic;
				DEVELOPMENT_TEAM = FCT52WRK2T;
				INFOPLIST_FILE = SJ01/Info.plist;
				LD_RUNPATH_SEARCH_PATHS = "$(inherited) @executable_path/Frameworks";
				PRODUCT_BUNDLE_IDENTIFIER = SJ01.SJ01;
				PRODUCT_NAME = "$(TARGET_NAME)";
				SWIFT_VERSION = 4.0;
				TARGETED_DEVICE_FAMILY = "1,2";
			};
			name = Debug;
		};
		DC831A592081D9C000D76A56 /* Release */ = {
			isa = XCBuildConfiguration;
			buildSettings = {
				ASSETCATALOG_COMPILER_APPICON_NAME = AppIcon;
				CODE_SIGN_STYLE = Automatic;
				DEVELOPMENT_TEAM = FCT52WRK2T;
				INFOPLIST_FILE = SJ01/Info.plist;
				LD_RUNPATH_SEARCH_PATHS = "$(inherited) @executable_path/Frameworks";
				PRODUCT_BUNDLE_IDENTIFIER = SJ01.SJ01;
				PRODUCT_NAME = "$(TARGET_NAME)";
				SWIFT_VERSION = 4.0;
				TARGETED_DEVICE_FAMILY = "1,2";
			};
			name = Release;
		};
/* End XCBuildConfiguration section */

/* Begin XCConfigurationList section */
		DC831A3D2081D9BF00D76A56 /* Build configuration list for PBXProject "SJ01" */ = {
			isa = XCConfigurationList;
			buildConfigurations = (
				DC831A552081D9C000D76A56 /* Debug */,
				DC831A562081D9C000D76A56 /* Release */,
			);
			defaultConfigurationIsVisible = 0;
			defaultConfigurationName = Release;
		};
		DC831A572081D9C000D76A56 /* Build configuration list for PBXNativeTarget "SJ01" */ = {
			isa = XCConfigurationList;
			buildConfigurations = (
				DC831A582081D9C000D76A56 /* Debug */,
				DC831A592081D9C000D76A56 /* Release */,
			);
			defaultConfigurationIsVisible = 0;
			defaultConfigurationName = Release;
		};
/* End XCConfigurationList section */

/* Begin XCVersionGroup section */
		DC831A4C2081D9C000D76A56 /* SJ01.xcdatamodeld */ = {
			isa = XCVersionGroup;
			children = (
				DC831A4D2081D9C000D76A56 /* SJ01.xcdatamodel */,
			);
			currentVersion = DC831A4D2081D9C000D76A56 /* SJ01.xcdatamodel */;
			path = SJ01.xcdatamodeld;
			sourceTree = "<group>";
			versionGroupType = wrapper.xcdatamodel;
		};
/* End XCVersionGroup section */
	};
	rootObject = DC831A3A2081D9BF00D76A56 /* Project object */;
}
