// !$*UTF8*$!
{
	archiveVersion = 1;
	classes = {
	};
	objectVersion = 48;
	objects = {

/* Begin PBXBuildFile section */
		1617B5EF20BA830700DEE046 /* HomeViewController.swift in Sources */ = {isa = PBXBuildFile; fileRef = 1617B5EE20BA830700DEE046 /* HomeViewController.swift */; };
		1617B5F120BA833500DEE046 /* HomeView.storyboard in Resources */ = {isa = PBXBuildFile; fileRef = 1617B5F020BA833500DEE046 /* HomeView.storyboard */; };
		A8109C3E608DC5B3B0E6BBEB /* Pods_SJ01.framework in Frameworks */ = {isa = PBXBuildFile; fileRef = 9C1FC7352E5755D08257D168 /* Pods_SJ01.framework */; };
		DC59051820DE0D5600C3ECBE /* ColorConst.swift in Sources */ = {isa = PBXBuildFile; fileRef = DC59051720DE0D5600C3ECBE /* ColorConst.swift */; };
		DC62E18A208219F1004D57A5 /* LoginView.storyboard in Resources */ = {isa = PBXBuildFile; fileRef = DC62E189208219F1004D57A5 /* LoginView.storyboard */; };
		DC831A462081D9C000D76A56 /* AppDelegate.swift in Sources */ = {isa = PBXBuildFile; fileRef = DC831A452081D9C000D76A56 /* AppDelegate.swift */; };
		DC831A482081D9C000D76A56 /* ViewController.swift in Sources */ = {isa = PBXBuildFile; fileRef = DC831A472081D9C000D76A56 /* ViewController.swift */; };
		DC831A4B2081D9C000D76A56 /* Main.storyboard in Resources */ = {isa = PBXBuildFile; fileRef = DC831A492081D9C000D76A56 /* Main.storyboard */; };
		DC831A4E2081D9C000D76A56 /* SJ01.xcdatamodeld in Sources */ = {isa = PBXBuildFile; fileRef = DC831A4C2081D9C000D76A56 /* SJ01.xcdatamodeld */; };
		DC831A502081D9C000D76A56 /* Assets.xcassets in Resources */ = {isa = PBXBuildFile; fileRef = DC831A4F2081D9C000D76A56 /* Assets.xcassets */; };
		DC831A532081D9C000D76A56 /* LaunchScreen.storyboard in Resources */ = {isa = PBXBuildFile; fileRef = DC831A512081D9C000D76A56 /* LaunchScreen.storyboard */; };
		DC8E928E20DE198900F51E40 /* CustomNavigationBar.swift in Sources */ = {isa = PBXBuildFile; fileRef = DC8E928D20DE198900F51E40 /* CustomNavigationBar.swift */; };
		DCA72E832082133900057BA3 /* LoginViewController.swift in Sources */ = {isa = PBXBuildFile; fileRef = DCA72E822082133900057BA3 /* LoginViewController.swift */; };
		DCA72E8B208213AF00057BA3 /* RemoteDataManager.swift in Sources */ = {isa = PBXBuildFile; fileRef = DCA72E88208213AE00057BA3 /* RemoteDataManager.swift */; };
		DCA72E8C208213AF00057BA3 /* DataManager.swift in Sources */ = {isa = PBXBuildFile; fileRef = DCA72E89208213AE00057BA3 /* DataManager.swift */; };
		DCA72E8D208213AF00057BA3 /* LocalDataManager.swift in Sources */ = {isa = PBXBuildFile; fileRef = DCA72E8A208213AF00057BA3 /* LocalDataManager.swift */; };
		DCA72E912082143000057BA3 /* Custom.swift in Sources */ = {isa = PBXBuildFile; fileRef = DCA72E8F2082143000057BA3 /* Custom.swift */; };
		DCA72E922082143000057BA3 /* ApiUtils.swift in Sources */ = {isa = PBXBuildFile; fileRef = DCA72E902082143000057BA3 /* ApiUtils.swift */; };
		DCA72E95208214D200057BA3 /* User.swift in Sources */ = {isa = PBXBuildFile; fileRef = DCA72E94208214D200057BA3 /* User.swift */; };
		DCAC463B20DDFE220020727A /* SuperViewController.swift in Sources */ = {isa = PBXBuildFile; fileRef = DCAC463A20DDFE220020727A /* SuperViewController.swift */; };
		DCD525FC2115237A0045C848 /* cinecaption227.ttf in Resources */ = {isa = PBXBuildFile; fileRef = DCD525FB2115232B0045C848 /* cinecaption227.ttf */; };
		DCD525FF211538210045C848 /* NoticeViewController.swift in Sources */ = {isa = PBXBuildFile; fileRef = DCD525FE211538210045C848 /* NoticeViewController.swift */; };
/* End PBXBuildFile section */

/* Begin PBXFileReference section */
		1617B5EE20BA830700DEE046 /* HomeViewController.swift */ = {isa = PBXFileReference; lastKnownFileType = sourcecode.swift; path = HomeViewController.swift; sourceTree = "<group>"; };
		1617B5F020BA833500DEE046 /* HomeView.storyboard */ = {isa = PBXFileReference; lastKnownFileType = file.storyboard; path = HomeView.storyboard; sourceTree = "<group>"; };
		6B6BC102A9B04F21FBC8F2F2 /* Pods-SJ01.debug.xcconfig */ = {isa = PBXFileReference; includeInIndex = 1; lastKnownFileType = text.xcconfig; name = "Pods-SJ01.debug.xcconfig"; path = "Pods/Target Support Files/Pods-SJ01/Pods-SJ01.debug.xcconfig"; sourceTree = "<group>"; };
		9C1FC7352E5755D08257D168 /* Pods_SJ01.framework */ = {isa = PBXFileReference; explicitFileType = wrapper.framework; includeInIndex = 0; path = Pods_SJ01.framework; sourceTree = BUILT_PRODUCTS_DIR; };
		BF6437D2ABB6DB0A0ACA4E7C /* Pods-SJ01.release.xcconfig */ = {isa = PBXFileReference; includeInIndex = 1; lastKnownFileType = text.xcconfig; name = "Pods-SJ01.release.xcconfig"; path = "Pods/Target Support Files/Pods-SJ01/Pods-SJ01.release.xcconfig"; sourceTree = "<group>"; };
		DC59051720DE0D5600C3ECBE /* ColorConst.swift */ = {isa = PBXFileReference; lastKnownFileType = sourcecode.swift; path = ColorConst.swift; sourceTree = "<group>"; };
		DC62E189208219F1004D57A5 /* LoginView.storyboard */ = {isa = PBXFileReference; lastKnownFileType = file.storyboard; path = LoginView.storyboard; sourceTree = "<group>"; };
		DC831A422081D9BF00D76A56 /* SJ01.app */ = {isa = PBXFileReference; explicitFileType = wrapper.application; includeInIndex = 0; path = SJ01.app; sourceTree = BUILT_PRODUCTS_DIR; };
		DC831A452081D9C000D76A56 /* AppDelegate.swift */ = {isa = PBXFileReference; lastKnownFileType = sourcecode.swift; path = AppDelegate.swift; sourceTree = "<group>"; };
		DC831A472081D9C000D76A56 /* ViewController.swift */ = {isa = PBXFileReference; lastKnownFileType = sourcecode.swift; path = ViewController.swift; sourceTree = "<group>"; };
		DC831A4A2081D9C000D76A56 /* Base */ = {isa = PBXFileReference; lastKnownFileType = file.storyboard; name = Base; path = Base.lproj/Main.storyboard; sourceTree = "<group>"; };
		DC831A4D2081D9C000D76A56 /* SJ01.xcdatamodel */ = {isa = PBXFileReference; lastKnownFileType = wrapper.xcdatamodel; path = SJ01.xcdatamodel; sourceTree = "<group>"; };
		DC831A4F2081D9C000D76A56 /* Assets.xcassets */ = {isa = PBXFileReference; lastKnownFileType = folder.assetcatalog; path = Assets.xcassets; sourceTree = "<group>"; };
		DC831A522081D9C000D76A56 /* Base */ = {isa = PBXFileReference; lastKnownFileType = file.storyboard; name = Base; path = Base.lproj/LaunchScreen.storyboard; sourceTree = "<group>"; };
		DC831A542081D9C000D76A56 /* Info.plist */ = {isa = PBXFileReference; lastKnownFileType = text.plist.xml; path = Info.plist; sourceTree = "<group>"; };
		DC8E928D20DE198900F51E40 /* CustomNavigationBar.swift */ = {isa = PBXFileReference; lastKnownFileType = sourcecode.swift; path = CustomNavigationBar.swift; sourceTree = "<group>"; };
		DCA72E822082133900057BA3 /* LoginViewController.swift */ = {isa = PBXFileReference; lastKnownFileType = sourcecode.swift; path = LoginViewController.swift; sourceTree = "<group>"; };
		DCA72E88208213AE00057BA3 /* RemoteDataManager.swift */ = {isa = PBXFileReference; fileEncoding = 4; lastKnownFileType = sourcecode.swift; path = RemoteDataManager.swift; sourceTree = "<group>"; };
		DCA72E89208213AE00057BA3 /* DataManager.swift */ = {isa = PBXFileReference; fileEncoding = 4; lastKnownFileType = sourcecode.swift; path = DataManager.swift; sourceTree = "<group>"; };
		DCA72E8A208213AF00057BA3 /* LocalDataManager.swift */ = {isa = PBXFileReference; fileEncoding = 4; lastKnownFileType = sourcecode.swift; path = LocalDataManager.swift; sourceTree = "<group>"; };
		DCA72E8F2082143000057BA3 /* Custom.swift */ = {isa = PBXFileReference; fileEncoding = 4; lastKnownFileType = sourcecode.swift; path = Custom.swift; sourceTree = "<group>"; };
		DCA72E902082143000057BA3 /* ApiUtils.swift */ = {isa = PBXFileReference; fileEncoding = 4; lastKnownFileType = sourcecode.swift; path = ApiUtils.swift; sourceTree = "<group>"; };
		DCA72E94208214D200057BA3 /* User.swift */ = {isa = PBXFileReference; fileEncoding = 4; lastKnownFileType = sourcecode.swift; path = User.swift; sourceTree = "<group>"; };
		DCAC463A20DDFE220020727A /* SuperViewController.swift */ = {isa = PBXFileReference; lastKnownFileType = sourcecode.swift; path = SuperViewController.swift; sourceTree = "<group>"; };
		DCD525FB2115232B0045C848 /* cinecaption227.ttf */ = {isa = PBXFileReference; lastKnownFileType = file; path = cinecaption227.ttf; sourceTree = "<group>"; };
		DCD525FE211538210045C848 /* NoticeViewController.swift */ = {isa = PBXFileReference; lastKnownFileType = sourcecode.swift; path = NoticeViewController.swift; sourceTree = "<group>"; };
/* End PBXFileReference section */

/* Begin PBXFrameworksBuildPhase section */
		DC831A3F2081D9BF00D76A56 /* Frameworks */ = {
			isa = PBXFrameworksBuildPhase;
			buildActionMask = 2147483647;
			files = (
				A8109C3E608DC5B3B0E6BBEB /* Pods_SJ01.framework in Frameworks */,
			);
			runOnlyForDeploymentPostprocessing = 0;
		};
/* End PBXFrameworksBuildPhase section */

/* Begin PBXGroup section */
		1617B5ED20BA82D700DEE046 /* Home */ = {
			isa = PBXGroup;
			children = (
				1617B5EE20BA830700DEE046 /* HomeViewController.swift */,
				1617B5F020BA833500DEE046 /* HomeView.storyboard */,
			);
			path = Home;
			sourceTree = "<group>";
		};
		478871C7FF6B0B80789D5FFD /* Pods */ = {
			isa = PBXGroup;
			children = (
				6B6BC102A9B04F21FBC8F2F2 /* Pods-SJ01.debug.xcconfig */,
				BF6437D2ABB6DB0A0ACA4E7C /* Pods-SJ01.release.xcconfig */,
			);
			name = Pods;
			sourceTree = "<group>";
		};
		B2622141CF28A27C5D49514D /* Frameworks */ = {
			isa = PBXGroup;
			children = (
				9C1FC7352E5755D08257D168 /* Pods_SJ01.framework */,
			);
			name = Frameworks;
			sourceTree = "<group>";
		};
		DC59051620DE0D1E00C3ECBE /* Const */ = {
			isa = PBXGroup;
			children = (
				DC59051720DE0D5600C3ECBE /* ColorConst.swift */,
			);
			path = Const;
			sourceTree = "<group>";
		};
		DC831A392081D9BF00D76A56 = {
			isa = PBXGroup;
			children = (
				DC831A442081D9C000D76A56 /* SJ01 */,
				DC831A432081D9BF00D76A56 /* Products */,
				478871C7FF6B0B80789D5FFD /* Pods */,
				B2622141CF28A27C5D49514D /* Frameworks */,
			);
			sourceTree = "<group>";
		};
		DC831A432081D9BF00D76A56 /* Products */ = {
			isa = PBXGroup;
			children = (
				DC831A422081D9BF00D76A56 /* SJ01.app */,
			);
			name = Products;
			sourceTree = "<group>";
		};
		DC831A442081D9C000D76A56 /* SJ01 */ = {
			isa = PBXGroup;
			children = (
				DCA72E842082134200057BA3 /* View */,
				DCA72E872082139600057BA3 /* Manager */,
				DCA72E93208214A200057BA3 /* Model */,
				DC59051620DE0D1E00C3ECBE /* Const */,
				DCA72E8E2082141600057BA3 /* Utils */,
				DC831A452081D9C000D76A56 /* AppDelegate.swift */,
				DC831A472081D9C000D76A56 /* ViewController.swift */,
				DC831A492081D9C000D76A56 /* Main.storyboard */,
				DC831A4F2081D9C000D76A56 /* Assets.xcassets */,
				DC831A512081D9C000D76A56 /* LaunchScreen.storyboard */,
				DC831A542081D9C000D76A56 /* Info.plist */,
				DC831A4C2081D9C000D76A56 /* SJ01.xcdatamodeld */,
				DCD525FB2115232B0045C848 /* cinecaption227.ttf */,
			);
			path = SJ01;
			sourceTree = "<group>";
		};
		DCA72E812082130800057BA3 /* Login */ = {
			isa = PBXGroup;
			children = (
				DCA72E822082133900057BA3 /* LoginViewController.swift */,
				DC62E189208219F1004D57A5 /* LoginView.storyboard */,
			);
			path = Login;
			sourceTree = "<group>";
		};
		DCA72E842082134200057BA3 /* View */ = {
			isa = PBXGroup;
			children = (
				DCAC463A20DDFE220020727A /* SuperViewController.swift */,
				DCA72E812082130800057BA3 /* Login */,
				1617B5ED20BA82D700DEE046 /* Home */,
				DCD525FD211537F80045C848 /* Notice */,
			);
			path = View;
			sourceTree = "<group>";
		};
		DCA72E872082139600057BA3 /* Manager */ = {
			isa = PBXGroup;
			children = (
				DCA72E89208213AE00057BA3 /* DataManager.swift */,
				DCA72E8A208213AF00057BA3 /* LocalDataManager.swift */,
				DCA72E88208213AE00057BA3 /* RemoteDataManager.swift */,
			);
			name = Manager;
			path = "New Group";
			sourceTree = "<group>";
		};
		DCA72E8E2082141600057BA3 /* Utils */ = {
			isa = PBXGroup;
			children = (
				DCA72E902082143000057BA3 /* ApiUtils.swift */,
				DCA72E8F2082143000057BA3 /* Custom.swift */,
				DC8E928D20DE198900F51E40 /* CustomNavigationBar.swift */,
			);
			path = Utils;
			sourceTree = "<group>";
		};
		DCA72E93208214A200057BA3 /* Model */ = {
			isa = PBXGroup;
			children = (
				DCA72E94208214D200057BA3 /* User.swift */,
			);
			path = Model;
			sourceTree = "<group>";
		};
		DCD525FD211537F80045C848 /* Notice */ = {
			isa = PBXGroup;
			children = (
				DCD525FE211538210045C848 /* NoticeViewController.swift */,
			);
			path = Notice;
			sourceTree = "<group>";
		};
/* End PBXGroup section */

/* Begin PBXNativeTarget section */
		DC831A412081D9BF00D76A56 /* SJ01 */ = {
			isa = PBXNativeTarget;
			buildConfigurationList = DC831A572081D9C000D76A56 /* Build configuration list for PBXNativeTarget "SJ01" */;
			buildPhases = (
				B3A1A6423B7F6AD458F4BCAC /* [CP] Check Pods Manifest.lock */,
				DC831A3E2081D9BF00D76A56 /* Sources */,
				DC831A3F2081D9BF00D76A56 /* Frameworks */,
				DC831A402081D9BF00D76A56 /* Resources */,
				7B85F9E12B89650D5FCB5860 /* [CP] Embed Pods Frameworks */,
				1F2822328D8C49A0DD3BD715 /* [CP] Copy Pods Resources */,
			);
			buildRules = (
			);
			dependencies = (
			);
			name = SJ01;
			productName = SJ01;
			productReference = DC831A422081D9BF00D76A56 /* SJ01.app */;
			productType = "com.apple.product-type.application";
		};
/* End PBXNativeTarget section */

/* Begin PBXProject section */
		DC831A3A2081D9BF00D76A56 /* Project object */ = {
			isa = PBXProject;
			attributes = {
				LastSwiftUpdateCheck = 0920;
				LastUpgradeCheck = 0920;
				ORGANIZATIONNAME = "松井康太郎";
				TargetAttributes = {
					DC831A412081D9BF00D76A56 = {
						CreatedOnToolsVersion = 9.2;
						ProvisioningStyle = Automatic;
					};
				};
			};
			buildConfigurationList = DC831A3D2081D9BF00D76A56 /* Build configuration list for PBXProject "SJ01" */;
			compatibilityVersion = "Xcode 8.0";
			developmentRegion = en;
			hasScannedForEncodings = 0;
			knownRegions = (
				en,
				Base,
			);
			mainGroup = DC831A392081D9BF00D76A56;
			productRefGroup = DC831A432081D9BF00D76A56 /* Products */;
			projectDirPath = "";
			projectRoot = "";
			targets = (
				DC831A412081D9BF00D76A56 /* SJ01 */,
			);
		};
/* End PBXProject section */

/* Begin PBXResourcesBuildPhase section */
		DC831A402081D9BF00D76A56 /* Resources */ = {
			isa = PBXResourcesBuildPhase;
			buildActionMask = 2147483647;
			files = (
				DCD525FC2115237A0045C848 /* cinecaption227.ttf in Resources */,
				1617B5F120BA833500DEE046 /* HomeView.storyboard in Resources */,
				DC831A532081D9C000D76A56 /* LaunchScreen.storyboard in Resources */,
				DC831A502081D9C000D76A56 /* Assets.xcassets in Resources */,
				DC831A4B2081D9C000D76A56 /* Main.storyboard in Resources */,
				DC62E18A208219F1004D57A5 /* LoginView.storyboard in Resources */,
			);
			runOnlyForDeploymentPostprocessing = 0;
		};
/* End PBXResourcesBuildPhase section */

/* Begin PBXShellScriptBuildPhase section */
		1F2822328D8C49A0DD3BD715 /* [CP] Copy Pods Resources */ = {
			isa = PBXShellScriptBuildPhase;
			buildActionMask = 2147483647;
			files = (
			);
			inputPaths = (
			);
			name = "[CP] Copy Pods Resources";
			outputPaths = (
			);
			runOnlyForDeploymentPostprocessing = 0;
			shellPath = /bin/sh;
			shellScript = "\"${SRCROOT}/Pods/Target Support Files/Pods-SJ01/Pods-SJ01-resources.sh\"\n";
			showEnvVarsInLog = 0;
		};
		7B85F9E12B89650D5FCB5860 /* [CP] Embed Pods Frameworks */ = {
			isa = PBXShellScriptBuildPhase;
			buildActionMask = 2147483647;
			files = (
			);
			inputPaths = (
				"${SRCROOT}/Pods/Target Support Files/Pods-SJ01/Pods-SJ01-frameworks.sh",
				"${BUILT_PRODUCTS_DIR}/ObjectMapper/ObjectMapper.framework",
				"${BUILT_PRODUCTS_DIR}/Realm/Realm.framework",
				"${BUILT_PRODUCTS_DIR}/RealmSwift/RealmSwift.framework",
			);
			name = "[CP] Embed Pods Frameworks";
			outputPaths = (
				"${TARGET_BUILD_DIR}/${FRAMEWORKS_FOLDER_PATH}/ObjectMapper.framework",
				"${TARGET_BUILD_DIR}/${FRAMEWORKS_FOLDER_PATH}/Realm.framework",
				"${TARGET_BUILD_DIR}/${FRAMEWORKS_FOLDER_PATH}/RealmSwift.framework",
			);
			runOnlyForDeploymentPostprocessing = 0;
			shellPath = /bin/sh;
			shellScript = "\"${SRCROOT}/Pods/Target Support Files/Pods-SJ01/Pods-SJ01-frameworks.sh\"\n";
			showEnvVarsInLog = 0;
		};
		B3A1A6423B7F6AD458F4BCAC /* [CP] Check Pods Manifest.lock */ = {
			isa = PBXShellScriptBuildPhase;
			buildActionMask = 2147483647;
			files = (
			);
			inputPaths = (
				"${PODS_PODFILE_DIR_PATH}/Podfile.lock",
				"${PODS_ROOT}/Manifest.lock",
			);
			name = "[CP] Check Pods Manifest.lock";
			outputPaths = (
				"$(DERIVED_FILE_DIR)/Pods-SJ01-checkManifestLockResult.txt",
			);
			runOnlyForDeploymentPostprocessing = 0;
			shellPath = /bin/sh;
			shellScript = "diff \"${PODS_PODFILE_DIR_PATH}/Podfile.lock\" \"${PODS_ROOT}/Manifest.lock\" > /dev/null\nif [ $? != 0 ] ; then\n    # print error to STDERR\n    echo \"error: The sandbox is not in sync with the Podfile.lock. Run 'pod install' or update your CocoaPods installation.\" >&2\n    exit 1\nfi\n# This output is used by Xcode 'outputs' to avoid re-running this script phase.\necho \"SUCCESS\" > \"${SCRIPT_OUTPUT_FILE_0}\"\n";
			showEnvVarsInLog = 0;
		};
/* End PBXShellScriptBuildPhase section */

/* Begin PBXSourcesBuildPhase section */
		DC831A3E2081D9BF00D76A56 /* Sources */ = {
			isa = PBXSourcesBuildPhase;
			buildActionMask = 2147483647;
			files = (
				DCA72E8B208213AF00057BA3 /* RemoteDataManager.swift in Sources */,
				DC59051820DE0D5600C3ECBE /* ColorConst.swift in Sources */,
				DCA72E8D208213AF00057BA3 /* LocalDataManager.swift in Sources */,
				DCA72E912082143000057BA3 /* Custom.swift in Sources */,
				DCD525FF211538210045C848 /* NoticeViewController.swift in Sources */,
				DCA72E922082143000057BA3 /* ApiUtils.swift in Sources */,
				DCA72E8C208213AF00057BA3 /* DataManager.swift in Sources */,
				DC8E928E20DE198900F51E40 /* CustomNavigationBar.swift in Sources */,
				DCA72E832082133900057BA3 /* LoginViewController.swift in Sources */,
				DC831A482081D9C000D76A56 /* ViewController.swift in Sources */,
				1617B5EF20BA830700DEE046 /* HomeViewController.swift in Sources */,
				DC831A4E2081D9C000D76A56 /* SJ01.xcdatamodeld in Sources */,
				DCA72E95208214D200057BA3 /* User.swift in Sources */,
				DCAC463B20DDFE220020727A /* SuperViewController.swift in Sources */,
				DC831A462081D9C000D76A56 /* AppDelegate.swift in Sources */,
			);
			runOnlyForDeploymentPostprocessing = 0;
		};
/* End PBXSourcesBuildPhase section */

/* Begin PBXVariantGroup section */
		DC831A492081D9C000D76A56 /* Main.storyboard */ = {
			isa = PBXVariantGroup;
			children = (
				DC831A4A2081D9C000D76A56 /* Base */,
			);
			name = Main.storyboard;
			sourceTree = "<group>";
		};
		DC831A512081D9C000D76A56 /* LaunchScreen.storyboard */ = {
			isa = PBXVariantGroup;
			children = (
				DC831A522081D9C000D76A56 /* Base */,
			);
			name = LaunchScreen.storyboard;
			sourceTree = "<group>";
		};
/* End PBXVariantGroup section */

/* Begin XCBuildConfiguration section */
		DC831A552081D9C000D76A56 /* Debug */ = {
			isa = XCBuildConfiguration;
			buildSettings = {
				ALWAYS_SEARCH_USER_PATHS = NO;
				CLANG_ANALYZER_NONNULL = YES;
				CLANG_ANALYZER_NUMBER_OBJECT_CONVERSION = YES_AGGRESSIVE;
				CLANG_CXX_LANGUAGE_STANDARD = "gnu++14";
				CLANG_CXX_LIBRARY = "libc++";
				CLANG_ENABLE_MODULES = YES;
				CLANG_ENABLE_OBJC_ARC = YES;
				CLANG_WARN_BLOCK_CAPTURE_AUTORELEASING = YES;
				CLANG_WARN_BOOL_CONVERSION = YES;
				CLANG_WARN_COMMA = YES;
				CLANG_WARN_CONSTANT_CONVERSION = YES;
				CLANG_WARN_DIRECT_OBJC_ISA_USAGE = YES_ERROR;
				CLANG_WARN_DOCUMENTATION_COMMENTS = YES;
				CLANG_WARN_EMPTY_BODY = YES;
				CLANG_WARN_ENUM_CONVERSION = YES;
				CLANG_WARN_INFINITE_RECURSION = YES;
				CLANG_WARN_INT_CONVERSION = YES;
				CLANG_WARN_NON_LITERAL_NULL_CONVERSION = YES;
				CLANG_WARN_OBJC_LITERAL_CONVERSION = YES;
				CLANG_WARN_OBJC_ROOT_CLASS = YES_ERROR;
				CLANG_WARN_RANGE_LOOP_ANALYSIS = YES;
				CLANG_WARN_STRICT_PROTOTYPES = YES;
				CLANG_WARN_SUSPICIOUS_MOVE = YES;
				CLANG_WARN_UNGUARDED_AVAILABILITY = YES_AGGRESSIVE;
				CLANG_WARN_UNREACHABLE_CODE = YES;
				CLANG_WARN__DUPLICATE_METHOD_MATCH = YES;
				CODE_SIGN_IDENTITY = "iPhone Developer";
				COPY_PHASE_STRIP = NO;
				DEBUG_INFORMATION_FORMAT = dwarf;
				ENABLE_STRICT_OBJC_MSGSEND = YES;
				ENABLE_TESTABILITY = YES;
				GCC_C_LANGUAGE_STANDARD = gnu11;
				GCC_DYNAMIC_NO_PIC = NO;
				GCC_NO_COMMON_BLOCKS = YES;
				GCC_OPTIMIZATION_LEVEL = 0;
				GCC_PREPROCESSOR_DEFINITIONS = (
					"DEBUG=1",
					"$(inherited)",
				);
				GCC_WARN_64_TO_32_BIT_CONVERSION = YES;
				GCC_WARN_ABOUT_RETURN_TYPE = YES_ERROR;
				GCC_WARN_UNDECLARED_SELECTOR = YES;
				GCC_WARN_UNINITIALIZED_AUTOS = YES_AGGRESSIVE;
				GCC_WARN_UNUSED_FUNCTION = YES;
				GCC_WARN_UNUSED_VARIABLE = YES;
				IPHONEOS_DEPLOYMENT_TARGET = 11.2;
				MTL_ENABLE_DEBUG_INFO = YES;
				ONLY_ACTIVE_ARCH = YES;
				SDKROOT = iphoneos;
				SWIFT_ACTIVE_COMPILATION_CONDITIONS = DEBUG;
				SWIFT_OPTIMIZATION_LEVEL = "-Onone";
			};
			name = Debug;
		};
		DC831A562081D9C000D76A56 /* Release */ = {
			isa = XCBuildConfiguration;
			buildSettings = {
				ALWAYS_SEARCH_USER_PATHS = NO;
				CLANG_ANALYZER_NONNULL = YES;
				CLANG_ANALYZER_NUMBER_OBJECT_CONVERSION = YES_AGGRESSIVE;
				CLANG_CXX_LANGUAGE_STANDARD = "gnu++14";
				CLANG_CXX_LIBRARY = "libc++";
				CLANG_ENABLE_MODULES = YES;
				CLANG_ENABLE_OBJC_ARC = YES;
				CLANG_WARN_BLOCK_CAPTURE_AUTORELEASING = YES;
				CLANG_WARN_BOOL_CONVERSION = YES;
				CLANG_WARN_COMMA = YES;
				CLANG_WARN_CONSTANT_CONVERSION = YES;
				CLANG_WARN_DIRECT_OBJC_ISA_USAGE = YES_ERROR;
				CLANG_WARN_DOCUMENTATION_COMMENTS = YES;
				CLANG_WARN_EMPTY_BODY = YES;
				CLANG_WARN_ENUM_CONVERSION = YES;
				CLANG_WARN_INFINITE_RECURSION = YES;
				CLANG_WARN_INT_CONVERSION = YES;
				CLANG_WARN_NON_LITERAL_NULL_CONVERSION = YES;
				CLANG_WARN_OBJC_LITERAL_CONVERSION = YES;
				CLANG_WARN_OBJC_ROOT_CLASS = YES_ERROR;
				CLANG_WARN_RANGE_LOOP_ANALYSIS = YES;
				CLANG_WARN_STRICT_PROTOTYPES = YES;
				CLANG_WARN_SUSPICIOUS_MOVE = YES;
				CLANG_WARN_UNGUARDED_AVAILABILITY = YES_AGGRESSIVE;
				CLANG_WARN_UNREACHABLE_CODE = YES;
				CLANG_WARN__DUPLICATE_METHOD_MATCH = YES;
				CODE_SIGN_IDENTITY = "iPhone Developer";
				COPY_PHASE_STRIP = NO;
				DEBUG_INFORMATION_FORMAT = "dwarf-with-dsym";
				ENABLE_NS_ASSERTIONS = NO;
				ENABLE_STRICT_OBJC_MSGSEND = YES;
				GCC_C_LANGUAGE_STANDARD = gnu11;
				GCC_NO_COMMON_BLOCKS = YES;
				GCC_WARN_64_TO_32_BIT_CONVERSION = YES;
				GCC_WARN_ABOUT_RETURN_TYPE = YES_ERROR;
				GCC_WARN_UNDECLARED_SELECTOR = YES;
				GCC_WARN_UNINITIALIZED_AUTOS = YES_AGGRESSIVE;
				GCC_WARN_UNUSED_FUNCTION = YES;
				GCC_WARN_UNUSED_VARIABLE = YES;
				IPHONEOS_DEPLOYMENT_TARGET = 11.2;
				MTL_ENABLE_DEBUG_INFO = NO;
				SDKROOT = iphoneos;
				SWIFT_OPTIMIZATION_LEVEL = "-Owholemodule";
				VALIDATE_PRODUCT = YES;
			};
			name = Release;
		};
		DC831A582081D9C000D76A56 /* Debug */ = {
			isa = XCBuildConfiguration;
			baseConfigurationReference = 6B6BC102A9B04F21FBC8F2F2 /* Pods-SJ01.debug.xcconfig */;
			buildSettings = {
				ASSETCATALOG_COMPILER_APPICON_NAME = AppIcon;
				CODE_SIGN_STYLE = Automatic;
				DEVELOPMENT_TEAM = FCT52WRK2T;
				INFOPLIST_FILE = SJ01/Info.plist;
				LD_RUNPATH_SEARCH_PATHS = "$(inherited) @executable_path/Frameworks";
				PRODUCT_BUNDLE_IDENTIFIER = SJ01.SJ01;
				PRODUCT_NAME = "$(TARGET_NAME)";
				SWIFT_VERSION = 4.0;
				TARGETED_DEVICE_FAMILY = "1,2";
			};
			name = Debug;
		};
		DC831A592081D9C000D76A56 /* Release */ = {
			isa = XCBuildConfiguration;
			baseConfigurationReference = BF6437D2ABB6DB0A0ACA4E7C /* Pods-SJ01.release.xcconfig */;
			buildSettings = {
				ASSETCATALOG_COMPILER_APPICON_NAME = AppIcon;
				CODE_SIGN_STYLE = Automatic;
				DEVELOPMENT_TEAM = FCT52WRK2T;
				INFOPLIST_FILE = SJ01/Info.plist;
				LD_RUNPATH_SEARCH_PATHS = "$(inherited) @executable_path/Frameworks";
				PRODUCT_BUNDLE_IDENTIFIER = SJ01.SJ01;
				PRODUCT_NAME = "$(TARGET_NAME)";
				SWIFT_VERSION = 4.0;
				TARGETED_DEVICE_FAMILY = "1,2";
			};
			name = Release;
		};
/* End XCBuildConfiguration section */

/* Begin XCConfigurationList section */
		DC831A3D2081D9BF00D76A56 /* Build configuration list for PBXProject "SJ01" */ = {
			isa = XCConfigurationList;
			buildConfigurations = (
				DC831A552081D9C000D76A56 /* Debug */,
				DC831A562081D9C000D76A56 /* Release */,
			);
			defaultConfigurationIsVisible = 0;
			defaultConfigurationName = Release;
		};
		DC831A572081D9C000D76A56 /* Build configuration list for PBXNativeTarget "SJ01" */ = {
			isa = XCConfigurationList;
			buildConfigurations = (
				DC831A582081D9C000D76A56 /* Debug */,
				DC831A592081D9C000D76A56 /* Release */,
			);
			defaultConfigurationIsVisible = 0;
			defaultConfigurationName = Release;
		};
/* End XCConfigurationList section */

/* Begin XCVersionGroup section */
		DC831A4C2081D9C000D76A56 /* SJ01.xcdatamodeld */ = {
			isa = XCVersionGroup;
			children = (
				DC831A4D2081D9C000D76A56 /* SJ01.xcdatamodel */,
			);
			currentVersion = DC831A4D2081D9C000D76A56 /* SJ01.xcdatamodel */;
			path = SJ01.xcdatamodeld;
			sourceTree = "<group>";
			versionGroupType = wrapper.xcdatamodel;
		};
/* End XCVersionGroup section */
	};
	rootObject = DC831A3A2081D9BF00D76A56 /* Project object */;
}
